// !$*UTF8*$!
{
	archiveVersion = 1;
	classes = {
	};
	objectVersion = 50;
	objects = {

/* Begin PBXBuildFile section */
		0D9CEA912430BFCB007DB479 /* AppDelegate.swift in Sources */ = {isa = PBXBuildFile; fileRef = 0D9CEA902430BFCB007DB479 /* AppDelegate.swift */; };
		0D9CEA932430BFCB007DB479 /* ViewController.swift in Sources */ = {isa = PBXBuildFile; fileRef = 0D9CEA922430BFCB007DB479 /* ViewController.swift */; };
		0D9CEA962430BFCB007DB479 /* Main.storyboard in Resources */ = {isa = PBXBuildFile; fileRef = 0D9CEA942430BFCB007DB479 /* Main.storyboard */; };
		0D9CEA982430BFCE007DB479 /* Assets.xcassets in Resources */ = {isa = PBXBuildFile; fileRef = 0D9CEA972430BFCE007DB479 /* Assets.xcassets */; };
		0D9CEA9B2430BFCE007DB479 /* LaunchScreen.storyboard in Resources */ = {isa = PBXBuildFile; fileRef = 0D9CEA992430BFCE007DB479 /* LaunchScreen.storyboard */; };
		0D9CEAA62430BFCE007DB479 /* AdministrationExamTests.swift in Sources */ = {isa = PBXBuildFile; fileRef = 0D9CEAA52430BFCE007DB479 /* AdministrationExamTests.swift */; };
		0D9CEAB424310138007DB479 /* Administration.swift in Sources */ = {isa = PBXBuildFile; fileRef = 0D9CEAB324310138007DB479 /* Administration.swift */; };
		0D9CEAB8243109F7007DB479 /* AdministrationTableViewCell.swift in Sources */ = {isa = PBXBuildFile; fileRef = 0D9CEAB7243109F7007DB479 /* AdministrationTableViewCell.swift */; };
		0D9CEABB24324118007DB479 /* AdministrationService.swift in Sources */ = {isa = PBXBuildFile; fileRef = 0D9CEABA24324118007DB479 /* AdministrationService.swift */; };
		0D9CEABE24324374007DB479 /* HTTP.swift in Sources */ = {isa = PBXBuildFile; fileRef = 0D9CEABD24324374007DB479 /* HTTP.swift */; };
		0D9CEAC024324F62007DB479 /* Endpoints.swift in Sources */ = {isa = PBXBuildFile; fileRef = 0D9CEABF24324F62007DB479 /* Endpoints.swift */; };
		0D9CEAC52432A22B007DB479 /* Result.swift in Sources */ = {isa = PBXBuildFile; fileRef = 0D9CEAC42432A22B007DB479 /* Result.swift */; };
		0D9CEAC72432A61F007DB479 /* AdministrationDTO.swift in Sources */ = {isa = PBXBuildFile; fileRef = 0D9CEAC62432A61F007DB479 /* AdministrationDTO.swift */; };
		0D9CEAC92432AC17007DB479 /* ServiceError.swift in Sources */ = {isa = PBXBuildFile; fileRef = 0D9CEAC82432AC17007DB479 /* ServiceError.swift */; };
/* End PBXBuildFile section */

/* Begin PBXContainerItemProxy section */
		0D9CEAA22430BFCE007DB479 /* PBXContainerItemProxy */ = {
			isa = PBXContainerItemProxy;
			containerPortal = 0D9CEA852430BFCB007DB479 /* Project object */;
			proxyType = 1;
			remoteGlobalIDString = 0D9CEA8C2430BFCB007DB479;
			remoteInfo = AdministrationExam;
		};
/* End PBXContainerItemProxy section */

/* Begin PBXFileReference section */
		0D9CEA8D2430BFCB007DB479 /* AdministrationExam.app */ = {isa = PBXFileReference; explicitFileType = wrapper.application; includeInIndex = 0; path = AdministrationExam.app; sourceTree = BUILT_PRODUCTS_DIR; };
		0D9CEA902430BFCB007DB479 /* AppDelegate.swift */ = {isa = PBXFileReference; lastKnownFileType = sourcecode.swift; path = AppDelegate.swift; sourceTree = "<group>"; };
		0D9CEA922430BFCB007DB479 /* ViewController.swift */ = {isa = PBXFileReference; lastKnownFileType = sourcecode.swift; path = ViewController.swift; sourceTree = "<group>"; };
		0D9CEA952430BFCB007DB479 /* Base */ = {isa = PBXFileReference; lastKnownFileType = file.storyboard; name = Base; path = Base.lproj/Main.storyboard; sourceTree = "<group>"; };
		0D9CEA972430BFCE007DB479 /* Assets.xcassets */ = {isa = PBXFileReference; lastKnownFileType = folder.assetcatalog; path = Assets.xcassets; sourceTree = "<group>"; };
		0D9CEA9A2430BFCE007DB479 /* Base */ = {isa = PBXFileReference; lastKnownFileType = file.storyboard; name = Base; path = Base.lproj/LaunchScreen.storyboard; sourceTree = "<group>"; };
		0D9CEA9C2430BFCE007DB479 /* Info.plist */ = {isa = PBXFileReference; lastKnownFileType = text.plist.xml; path = Info.plist; sourceTree = "<group>"; };
		0D9CEAA12430BFCE007DB479 /* AdministrationExamTests.xctest */ = {isa = PBXFileReference; explicitFileType = wrapper.cfbundle; includeInIndex = 0; path = AdministrationExamTests.xctest; sourceTree = BUILT_PRODUCTS_DIR; };
		0D9CEAA52430BFCE007DB479 /* AdministrationExamTests.swift */ = {isa = PBXFileReference; lastKnownFileType = sourcecode.swift; path = AdministrationExamTests.swift; sourceTree = "<group>"; };
		0D9CEAA72430BFCE007DB479 /* Info.plist */ = {isa = PBXFileReference; lastKnownFileType = text.plist.xml; path = Info.plist; sourceTree = "<group>"; };
		0D9CEAB324310138007DB479 /* Administration.swift */ = {isa = PBXFileReference; lastKnownFileType = sourcecode.swift; path = Administration.swift; sourceTree = "<group>"; };
		0D9CEAB7243109F7007DB479 /* AdministrationTableViewCell.swift */ = {isa = PBXFileReference; lastKnownFileType = sourcecode.swift; path = AdministrationTableViewCell.swift; sourceTree = "<group>"; };
		0D9CEABA24324118007DB479 /* AdministrationService.swift */ = {isa = PBXFileReference; lastKnownFileType = sourcecode.swift; path = AdministrationService.swift; sourceTree = "<group>"; };
		0D9CEABD24324374007DB479 /* HTTP.swift */ = {isa = PBXFileReference; lastKnownFileType = sourcecode.swift; path = HTTP.swift; sourceTree = "<group>"; };
		0D9CEABF24324F62007DB479 /* Endpoints.swift */ = {isa = PBXFileReference; lastKnownFileType = sourcecode.swift; path = Endpoints.swift; sourceTree = "<group>"; };
		0D9CEAC42432A22B007DB479 /* Result.swift */ = {isa = PBXFileReference; lastKnownFileType = sourcecode.swift; path = Result.swift; sourceTree = "<group>"; };
		0D9CEAC62432A61F007DB479 /* AdministrationDTO.swift */ = {isa = PBXFileReference; lastKnownFileType = sourcecode.swift; path = AdministrationDTO.swift; sourceTree = "<group>"; };
		0D9CEAC82432AC17007DB479 /* ServiceError.swift */ = {isa = PBXFileReference; lastKnownFileType = sourcecode.swift; path = ServiceError.swift; sourceTree = "<group>"; };
/* End PBXFileReference section */

/* Begin PBXFrameworksBuildPhase section */
		0D9CEA8A2430BFCB007DB479 /* Frameworks */ = {
			isa = PBXFrameworksBuildPhase;
			buildActionMask = 2147483647;
			files = (
			);
			runOnlyForDeploymentPostprocessing = 0;
		};
		0D9CEA9E2430BFCE007DB479 /* Frameworks */ = {
			isa = PBXFrameworksBuildPhase;
			buildActionMask = 2147483647;
			files = (
			);
			runOnlyForDeploymentPostprocessing = 0;
		};
/* End PBXFrameworksBuildPhase section */

/* Begin PBXGroup section */
		0D9CEA842430BFCB007DB479 = {
			isa = PBXGroup;
			children = (
				0D9CEA8F2430BFCB007DB479 /* AdministrationExam */,
				0D9CEAA42430BFCE007DB479 /* AdministrationExamTests */,
				0D9CEA8E2430BFCB007DB479 /* Products */,
			);
			sourceTree = "<group>";
		};
		0D9CEA8E2430BFCB007DB479 /* Products */ = {
			isa = PBXGroup;
			children = (
				0D9CEA8D2430BFCB007DB479 /* AdministrationExam.app */,
				0D9CEAA12430BFCE007DB479 /* AdministrationExamTests.xctest */,
			);
			name = Products;
			sourceTree = "<group>";
		};
		0D9CEA8F2430BFCB007DB479 /* AdministrationExam */ = {
			isa = PBXGroup;
			children = (
				0D9CEABC24324344007DB479 /* Network */,
				0D9CEAB924323EB0007DB479 /* Servicies */,
				0D9CEAB2243100D6007DB479 /* Models */,
				0D9CEAB1243100CD007DB479 /* Views */,
				0D9CEAB024310090007DB479 /* Controllers */,
				0D9CEA942430BFCB007DB479 /* Main.storyboard */,
				0D9CEA972430BFCE007DB479 /* Assets.xcassets */,
				0D9CEA992430BFCE007DB479 /* LaunchScreen.storyboard */,
				0D9CEA9C2430BFCE007DB479 /* Info.plist */,
			);
			path = AdministrationExam;
			sourceTree = "<group>";
		};
		0D9CEAA42430BFCE007DB479 /* AdministrationExamTests */ = {
			isa = PBXGroup;
			children = (
				0D9CEAA52430BFCE007DB479 /* AdministrationExamTests.swift */,
				0D9CEAA72430BFCE007DB479 /* Info.plist */,
			);
			path = AdministrationExamTests;
			sourceTree = "<group>";
		};
		0D9CEAB024310090007DB479 /* Controllers */ = {
			isa = PBXGroup;
			children = (
				0D9CEA922430BFCB007DB479 /* ViewController.swift */,
				0D9CEA902430BFCB007DB479 /* AppDelegate.swift */,
			);
			path = Controllers;
			sourceTree = "<group>";
		};
		0D9CEAB1243100CD007DB479 /* Views */ = {
			isa = PBXGroup;
			children = (
				0D9CEAB7243109F7007DB479 /* AdministrationTableViewCell.swift */,
			);
			path = Views;
			sourceTree = "<group>";
		};
		0D9CEAB2243100D6007DB479 /* Models */ = {
			isa = PBXGroup;
			children = (
				0D9CEAB324310138007DB479 /* Administration.swift */,
			);
			path = Models;
			sourceTree = "<group>";
		};
		0D9CEAB924323EB0007DB479 /* Servicies */ = {
			isa = PBXGroup;
			children = (
				0D9CEABF24324F62007DB479 /* Endpoints.swift */,
				0D9CEABA24324118007DB479 /* AdministrationService.swift */,
				0D9CEAC62432A61F007DB479 /* AdministrationDTO.swift */,
				0D9CEAC82432AC17007DB479 /* ServiceError.swift */,
			);
			path = Servicies;
			sourceTree = "<group>";
		};
		0D9CEABC24324344007DB479 /* Network */ = {
			isa = PBXGroup;
			children = (
				0D9CEABD24324374007DB479 /* HTTP.swift */,
				0D9CEAC42432A22B007DB479 /* Result.swift */,
			);
			path = Network;
			sourceTree = "<group>";
		};
/* End PBXGroup section */

/* Begin PBXNativeTarget section */
		0D9CEA8C2430BFCB007DB479 /* AdministrationExam */ = {
			isa = PBXNativeTarget;
			buildConfigurationList = 0D9CEAAA2430BFCE007DB479 /* Build configuration list for PBXNativeTarget "AdministrationExam" */;
			buildPhases = (
				0D9CEA892430BFCB007DB479 /* Sources */,
				0D9CEA8A2430BFCB007DB479 /* Frameworks */,
				0D9CEA8B2430BFCB007DB479 /* Resources */,
			);
			buildRules = (
			);
			dependencies = (
			);
			name = AdministrationExam;
			productName = AdministrationExam;
			productReference = 0D9CEA8D2430BFCB007DB479 /* AdministrationExam.app */;
			productType = "com.apple.product-type.application";
		};
		0D9CEAA02430BFCE007DB479 /* AdministrationExamTests */ = {
			isa = PBXNativeTarget;
			buildConfigurationList = 0D9CEAAD2430BFCE007DB479 /* Build configuration list for PBXNativeTarget "AdministrationExamTests" */;
			buildPhases = (
				0D9CEA9D2430BFCE007DB479 /* Sources */,
				0D9CEA9E2430BFCE007DB479 /* Frameworks */,
				0D9CEA9F2430BFCE007DB479 /* Resources */,
			);
			buildRules = (
			);
			dependencies = (
				0D9CEAA32430BFCE007DB479 /* PBXTargetDependency */,
			);
			name = AdministrationExamTests;
			productName = AdministrationExamTests;
			productReference = 0D9CEAA12430BFCE007DB479 /* AdministrationExamTests.xctest */;
			productType = "com.apple.product-type.bundle.unit-test";
		};
/* End PBXNativeTarget section */

/* Begin PBXProject section */
		0D9CEA852430BFCB007DB479 /* Project object */ = {
			isa = PBXProject;
			attributes = {
				LastSwiftUpdateCheck = 1000;
				LastUpgradeCheck = 1000;
				ORGANIZATIONNAME = TuLotero;
				TargetAttributes = {
					0D9CEA8C2430BFCB007DB479 = {
						CreatedOnToolsVersion = 10.0;
					};
					0D9CEAA02430BFCE007DB479 = {
						CreatedOnToolsVersion = 10.0;
						TestTargetID = 0D9CEA8C2430BFCB007DB479;
					};
				};
			};
			buildConfigurationList = 0D9CEA882430BFCB007DB479 /* Build configuration list for PBXProject "AdministrationExam" */;
			compatibilityVersion = "Xcode 9.3";
			developmentRegion = en;
			hasScannedForEncodings = 0;
			knownRegions = (
				en,
				Base,
			);
			mainGroup = 0D9CEA842430BFCB007DB479;
			productRefGroup = 0D9CEA8E2430BFCB007DB479 /* Products */;
			projectDirPath = "";
			projectRoot = "";
			targets = (
				0D9CEA8C2430BFCB007DB479 /* AdministrationExam */,
				0D9CEAA02430BFCE007DB479 /* AdministrationExamTests */,
			);
		};
/* End PBXProject section */

/* Begin PBXResourcesBuildPhase section */
		0D9CEA8B2430BFCB007DB479 /* Resources */ = {
			isa = PBXResourcesBuildPhase;
			buildActionMask = 2147483647;
			files = (
				0D9CEA9B2430BFCE007DB479 /* LaunchScreen.storyboard in Resources */,
				0D9CEA982430BFCE007DB479 /* Assets.xcassets in Resources */,
				0D9CEA962430BFCB007DB479 /* Main.storyboard in Resources */,
			);
			runOnlyForDeploymentPostprocessing = 0;
		};
		0D9CEA9F2430BFCE007DB479 /* Resources */ = {
			isa = PBXResourcesBuildPhase;
			buildActionMask = 2147483647;
			files = (
			);
			runOnlyForDeploymentPostprocessing = 0;
		};
/* End PBXResourcesBuildPhase section */

/* Begin PBXSourcesBuildPhase section */
		0D9CEA892430BFCB007DB479 /* Sources */ = {
			isa = PBXSourcesBuildPhase;
			buildActionMask = 2147483647;
			files = (
				0D9CEAC92432AC17007DB479 /* ServiceError.swift in Sources */,
				0D9CEABB24324118007DB479 /* AdministrationService.swift in Sources */,
				0D9CEAB8243109F7007DB479 /* AdministrationTableViewCell.swift in Sources */,
				0D9CEAB424310138007DB479 /* Administration.swift in Sources */,
				0D9CEAC024324F62007DB479 /* Endpoints.swift in Sources */,
				0D9CEABE24324374007DB479 /* HTTP.swift in Sources */,
				0D9CEA932430BFCB007DB479 /* ViewController.swift in Sources */,
				0D9CEAC72432A61F007DB479 /* AdministrationDTO.swift in Sources */,
				0D9CEAC52432A22B007DB479 /* Result.swift in Sources */,
				0D9CEA912430BFCB007DB479 /* AppDelegate.swift in Sources */,
			);
			runOnlyForDeploymentPostprocessing = 0;
		};
		0D9CEA9D2430BFCE007DB479 /* Sources */ = {
			isa = PBXSourcesBuildPhase;
			buildActionMask = 2147483647;
			files = (
				0D9CEAA62430BFCE007DB479 /* AdministrationExamTests.swift in Sources */,
			);
			runOnlyForDeploymentPostprocessing = 0;
		};
/* End PBXSourcesBuildPhase section */

/* Begin PBXTargetDependency section */
		0D9CEAA32430BFCE007DB479 /* PBXTargetDependency */ = {
			isa = PBXTargetDependency;
			target = 0D9CEA8C2430BFCB007DB479 /* AdministrationExam */;
			targetProxy = 0D9CEAA22430BFCE007DB479 /* PBXContainerItemProxy */;
		};
/* End PBXTargetDependency section */

/* Begin PBXVariantGroup section */
		0D9CEA942430BFCB007DB479 /* Main.storyboard */ = {
			isa = PBXVariantGroup;
			children = (
				0D9CEA952430BFCB007DB479 /* Base */,
			);
			name = Main.storyboard;
			sourceTree = "<group>";
		};
		0D9CEA992430BFCE007DB479 /* LaunchScreen.storyboard */ = {
			isa = PBXVariantGroup;
			children = (
				0D9CEA9A2430BFCE007DB479 /* Base */,
			);
			name = LaunchScreen.storyboard;
			sourceTree = "<group>";
		};
/* End PBXVariantGroup section */

/* Begin XCBuildConfiguration section */
		0D9CEAA82430BFCE007DB479 /* Debug */ = {
			isa = XCBuildConfiguration;
			buildSettings = {
				ALWAYS_SEARCH_USER_PATHS = NO;
				CLANG_ANALYZER_NONNULL = YES;
				CLANG_ANALYZER_NUMBER_OBJECT_CONVERSION = YES_AGGRESSIVE;
				CLANG_CXX_LANGUAGE_STANDARD = "gnu++14";
				CLANG_CXX_LIBRARY = "libc++";
				CLANG_ENABLE_MODULES = YES;
				CLANG_ENABLE_OBJC_ARC = YES;
				CLANG_ENABLE_OBJC_WEAK = YES;
				CLANG_WARN_BLOCK_CAPTURE_AUTORELEASING = YES;
				CLANG_WARN_BOOL_CONVERSION = YES;
				CLANG_WARN_COMMA = YES;
				CLANG_WARN_CONSTANT_CONVERSION = YES;
				CLANG_WARN_DEPRECATED_OBJC_IMPLEMENTATIONS = YES;
				CLANG_WARN_DIRECT_OBJC_ISA_USAGE = YES_ERROR;
				CLANG_WARN_DOCUMENTATION_COMMENTS = YES;
				CLANG_WARN_EMPTY_BODY = YES;
				CLANG_WARN_ENUM_CONVERSION = YES;
				CLANG_WARN_INFINITE_RECURSION = YES;
				CLANG_WARN_INT_CONVERSION = YES;
				CLANG_WARN_NON_LITERAL_NULL_CONVERSION = YES;
				CLANG_WARN_OBJC_IMPLICIT_RETAIN_SELF = YES;
				CLANG_WARN_OBJC_LITERAL_CONVERSION = YES;
				CLANG_WARN_OBJC_ROOT_CLASS = YES_ERROR;
				CLANG_WARN_RANGE_LOOP_ANALYSIS = YES;
				CLANG_WARN_STRICT_PROTOTYPES = YES;
				CLANG_WARN_SUSPICIOUS_MOVE = YES;
				CLANG_WARN_UNGUARDED_AVAILABILITY = YES_AGGRESSIVE;
				CLANG_WARN_UNREACHABLE_CODE = YES;
				CLANG_WARN__DUPLICATE_METHOD_MATCH = YES;
				CODE_SIGN_IDENTITY = "iPhone Developer";
				COPY_PHASE_STRIP = NO;
				DEBUG_INFORMATION_FORMAT = dwarf;
				ENABLE_STRICT_OBJC_MSGSEND = YES;
				ENABLE_TESTABILITY = YES;
				GCC_C_LANGUAGE_STANDARD = gnu11;
				GCC_DYNAMIC_NO_PIC = NO;
				GCC_NO_COMMON_BLOCKS = YES;
				GCC_OPTIMIZATION_LEVEL = 0;
				GCC_PREPROCESSOR_DEFINITIONS = (
					"DEBUG=1",
					"$(inherited)",
				);
				GCC_WARN_64_TO_32_BIT_CONVERSION = YES;
				GCC_WARN_ABOUT_RETURN_TYPE = YES_ERROR;
				GCC_WARN_UNDECLARED_SELECTOR = YES;
				GCC_WARN_UNINITIALIZED_AUTOS = YES_AGGRESSIVE;
				GCC_WARN_UNUSED_FUNCTION = YES;
				GCC_WARN_UNUSED_VARIABLE = YES;
				IPHONEOS_DEPLOYMENT_TARGET = 12.0;
				MTL_ENABLE_DEBUG_INFO = INCLUDE_SOURCE;
				MTL_FAST_MATH = YES;
				ONLY_ACTIVE_ARCH = YES;
				SDKROOT = iphoneos;
				SWIFT_ACTIVE_COMPILATION_CONDITIONS = DEBUG;
				SWIFT_OPTIMIZATION_LEVEL = "-Onone";
			};
			name = Debug;
		};
		0D9CEAA92430BFCE007DB479 /* Release */ = {
			isa = XCBuildConfiguration;
			buildSettings = {
				ALWAYS_SEARCH_USER_PATHS = NO;
				CLANG_ANALYZER_NONNULL = YES;
				CLANG_ANALYZER_NUMBER_OBJECT_CONVERSION = YES_AGGRESSIVE;
				CLANG_CXX_LANGUAGE_STANDARD = "gnu++14";
				CLANG_CXX_LIBRARY = "libc++";
				CLANG_ENABLE_MODULES = YES;
				CLANG_ENABLE_OBJC_ARC = YES;
				CLANG_ENABLE_OBJC_WEAK = YES;
				CLANG_WARN_BLOCK_CAPTURE_AUTORELEASING = YES;
				CLANG_WARN_BOOL_CONVERSION = YES;
				CLANG_WARN_COMMA = YES;
				CLANG_WARN_CONSTANT_CONVERSION = YES;
				CLANG_WARN_DEPRECATED_OBJC_IMPLEMENTATIONS = YES;
				CLANG_WARN_DIRECT_OBJC_ISA_USAGE = YES_ERROR;
				CLANG_WARN_DOCUMENTATION_COMMENTS = YES;
				CLANG_WARN_EMPTY_BODY = YES;
				CLANG_WARN_ENUM_CONVERSION = YES;
				CLANG_WARN_INFINITE_RECURSION = YES;
				CLANG_WARN_INT_CONVERSION = YES;
				CLANG_WARN_NON_LITERAL_NULL_CONVERSION = YES;
				CLANG_WARN_OBJC_IMPLICIT_RETAIN_SELF = YES;
				CLANG_WARN_OBJC_LITERAL_CONVERSION = YES;
				CLANG_WARN_OBJC_ROOT_CLASS = YES_ERROR;
				CLANG_WARN_RANGE_LOOP_ANALYSIS = YES;
				CLANG_WARN_STRICT_PROTOTYPES = YES;
				CLANG_WARN_SUSPICIOUS_MOVE = YES;
				CLANG_WARN_UNGUARDED_AVAILABILITY = YES_AGGRESSIVE;
				CLANG_WARN_UNREACHABLE_CODE = YES;
				CLANG_WARN__DUPLICATE_METHOD_MATCH = YES;
				CODE_SIGN_IDENTITY = "iPhone Developer";
				COPY_PHASE_STRIP = NO;
				DEBUG_INFORMATION_FORMAT = "dwarf-with-dsym";
				ENABLE_NS_ASSERTIONS = NO;
				ENABLE_STRICT_OBJC_MSGSEND = YES;
				GCC_C_LANGUAGE_STANDARD = gnu11;
				GCC_NO_COMMON_BLOCKS = YES;
				GCC_WARN_64_TO_32_BIT_CONVERSION = YES;
				GCC_WARN_ABOUT_RETURN_TYPE = YES_ERROR;
				GCC_WARN_UNDECLARED_SELECTOR = YES;
				GCC_WARN_UNINITIALIZED_AUTOS = YES_AGGRESSIVE;
				GCC_WARN_UNUSED_FUNCTION = YES;
				GCC_WARN_UNUSED_VARIABLE = YES;
				IPHONEOS_DEPLOYMENT_TARGET = 12.0;
				MTL_ENABLE_DEBUG_INFO = NO;
				MTL_FAST_MATH = YES;
				SDKROOT = iphoneos;
				SWIFT_COMPILATION_MODE = wholemodule;
				SWIFT_OPTIMIZATION_LEVEL = "-O";
				VALIDATE_PRODUCT = YES;
			};
			name = Release;
		};
		0D9CEAAB2430BFCE007DB479 /* Debug */ = {
			isa = XCBuildConfiguration;
			buildSettings = {
				ASSETCATALOG_COMPILER_APPICON_NAME = AppIcon;
				CODE_SIGN_STYLE = Automatic;
				INFOPLIST_FILE = AdministrationExam/Info.plist;
				LD_RUNPATH_SEARCH_PATHS = (
					"$(inherited)",
					"@executable_path/Frameworks",
				);
				PRODUCT_BUNDLE_IDENTIFIER = com.tulotero.AdministrationExam;
				PRODUCT_NAME = "$(TARGET_NAME)";
				SWIFT_VERSION = 4.2;
				TARGETED_DEVICE_FAMILY = "1,2";
			};
			name = Debug;
		};
		0D9CEAAC2430BFCE007DB479 /* Release */ = {
			isa = XCBuildConfiguration;
			buildSettings = {
				ASSETCATALOG_COMPILER_APPICON_NAME = AppIcon;
				CODE_SIGN_STYLE = Automatic;
				INFOPLIST_FILE = AdministrationExam/Info.plist;
				LD_RUNPATH_SEARCH_PATHS = (
					"$(inherited)",
					"@executable_path/Frameworks",
				);
				PRODUCT_BUNDLE_IDENTIFIER = com.tulotero.AdministrationExam;
				PRODUCT_NAME = "$(TARGET_NAME)";
				SWIFT_VERSION = 4.2;
				TARGETED_DEVICE_FAMILY = "1,2";
			};
			name = Release;
		};
		0D9CEAAE2430BFCE007DB479 /* Debug */ = {
			isa = XCBuildConfiguration;
			buildSettings = {
				ALWAYS_EMBED_SWIFT_STANDARD_LIBRARIES = YES;
				BUNDLE_LOADER = "$(TEST_HOST)";
				CODE_SIGN_STYLE = Automatic;
				INFOPLIST_FILE = AdministrationExamTests/Info.plist;
				LD_RUNPATH_SEARCH_PATHS = (
					"$(inherited)",
					"@executable_path/Frameworks",
					"@loader_path/Frameworks",
				);
				PRODUCT_BUNDLE_IDENTIFIER = com.tulotero.AdministrationExamTests;
				PRODUCT_NAME = "$(TARGET_NAME)";
				SWIFT_VERSION = 4.2;
				TARGETED_DEVICE_FAMILY = "1,2";
				TEST_HOST = "$(BUILT_PRODUCTS_DIR)/AdministrationExam.app/AdministrationExam";
			};
			name = Debug;
		};
		0D9CEAAF2430BFCE007DB479 /* Release */ = {
			isa = XCBuildConfiguration;
			buildSettings = {
				ALWAYS_EMBED_SWIFT_STANDARD_LIBRARIES = YES;
				BUNDLE_LOADER = "$(TEST_HOST)";
				CODE_SIGN_STYLE = Automatic;
				INFOPLIST_FILE = AdministrationExamTests/Info.plist;
				LD_RUNPATH_SEARCH_PATHS = (
					"$(inherited)",
					"@executable_path/Frameworks",
					"@loader_path/Frameworks",
				);
				PRODUCT_BUNDLE_IDENTIFIER = com.tulotero.AdministrationExamTests;
				PRODUCT_NAME = "$(TARGET_NAME)";
				SWIFT_VERSION = 4.2;
				TARGETED_DEVICE_FAMILY = "1,2";
				TEST_HOST = "$(BUILT_PRODUCTS_DIR)/AdministrationExam.app/AdministrationExam";
			};
			name = Release;
		};
/* End XCBuildConfiguration section */

/* Begin XCConfigurationList section */
		0D9CEA882430BFCB007DB479 /* Build configuration list for PBXProject "AdministrationExam" */ = {
			isa = XCConfigurationList;
			buildConfigurations = (
				0D9CEAA82430BFCE007DB479 /* Debug */,
				0D9CEAA92430BFCE007DB479 /* Release */,
			);
			defaultConfigurationIsVisible = 0;
			defaultConfigurationName = Release;
		};
		0D9CEAAA2430BFCE007DB479 /* Build configuration list for PBXNativeTarget "AdministrationExam" */ = {
			isa = XCConfigurationList;
			buildConfigurations = (
				0D9CEAAB2430BFCE007DB479 /* Debug */,
				0D9CEAAC2430BFCE007DB479 /* Release */,
			);
			defaultConfigurationIsVisible = 0;
			defaultConfigurationName = Release;
		};
		0D9CEAAD2430BFCE007DB479 /* Build configuration list for PBXNativeTarget "AdministrationExamTests" */ = {
			isa = XCConfigurationList;
			buildConfigurations = (
				0D9CEAAE2430BFCE007DB479 /* Debug */,
				0D9CEAAF2430BFCE007DB479 /* Release */,
			);
			defaultConfigurationIsVisible = 0;
			defaultConfigurationName = Release;
		};
/* End XCConfigurationList section */
	};
	rootObject = 0D9CEA852430BFCB007DB479 /* Project object */;
}
